{
  "version": 4,
  "terraform_version": "0.12.19",
  "serial": 106,
  "lineage": "1fe582fa-0df5-593f-8da4-6de122024aba",
  "outputs": {},
  "resources": [
    {
      "mode": "data",
      "type": "aws_availability_zones",
      "name": "available",
      "provider": "provider.aws",
      "instances": [
        {
          "schema_version": 0,
          "attributes": {
            "blacklisted_names": null,
            "blacklisted_zone_ids": null,
            "id": "2020-01-24 00:43:31.86962577 +0000 UTC",
            "names": [
              "us-east-1a",
              "us-east-1b",
              "us-east-1c",
              "us-east-1d",
              "us-east-1e",
              "us-east-1f"
            ],
            "state": null,
            "zone_ids": [
              "use1-az1",
              "use1-az2",
              "use1-az4",
              "use1-az6",
              "use1-az3",
              "use1-az5"
            ]
          }
        }
      ]
    },
    {
      "mode": "managed",
      "type": "aws_eip",
      "name": "gw",
      "each": "list",
      "provider": "provider.aws",
      "instances": [
        {
          "index_key": 0,
          "schema_version": 0,
          "attributes": {
            "allocation_id": null,
            "associate_with_private_ip": null,
            "association_id": "eipassoc-027fe6ce6050030fc",
            "domain": "vpc",
            "id": "eipalloc-06fb9d40fe671d006",
            "instance": "",
            "network_interface": "eni-0793f87e0911fa1a3",
            "private_dns": "ip-172-17-2-217.ec2.internal",
            "private_ip": "172.17.2.217",
            "public_dns": "ec2-18-213-19-226.compute-1.amazonaws.com",
            "public_ip": "18.213.19.226",
            "public_ipv4_pool": "amazon",
            "tags": {
              "Environment": "webapp"
            },
            "timeouts": null,
            "vpc": true
          },
          "private": "eyJlMmJmYjczMC1lY2FhLTExZTYtOGY4OC0zNDM2M2JjN2M0YzAiOnsiZGVsZXRlIjoxODAwMDAwMDAwMDAsInJlYWQiOjkwMDAwMDAwMDAwMCwidXBkYXRlIjozMDAwMDAwMDAwMDB9fQ=="
        },
        {
          "index_key": 1,
          "schema_version": 0,
          "attributes": {
            "allocation_id": null,
            "associate_with_private_ip": null,
            "association_id": "eipassoc-0db10424d0688c441",
            "domain": "vpc",
            "id": "eipalloc-0a0a84cf8acae07e9",
            "instance": "",
            "network_interface": "eni-0704758d8e54cb813",
            "private_dns": "ip-172-17-3-40.ec2.internal",
            "private_ip": "172.17.3.40",
            "public_dns": "ec2-34-199-15-185.compute-1.amazonaws.com",
            "public_ip": "34.199.15.185",
            "public_ipv4_pool": "amazon",
            "tags": {
              "Environment": "webapp"
            },
            "timeouts": null,
            "vpc": true
          },
          "private": "eyJlMmJmYjczMC1lY2FhLTExZTYtOGY4OC0zNDM2M2JjN2M0YzAiOnsiZGVsZXRlIjoxODAwMDAwMDAwMDAsInJlYWQiOjkwMDAwMDAwMDAwMCwidXBkYXRlIjozMDAwMDAwMDAwMDB9fQ=="
        }
      ]
    },
    {
      "mode": "managed",
      "type": "aws_internet_gateway",
      "name": "gw",
      "provider": "provider.aws",
      "instances": [
        {
          "schema_version": 0,
          "attributes": {
            "id": "igw-03be83db2f5ca3aaf",
            "owner_id": "252948918456",
            "tags": {
              "Name": "webapp"
            },
            "vpc_id": "vpc-0b719172d6e59232d"
          },
          "private": "bnVsbA==",
          "dependencies": [
            "aws_vpc.web"
          ]
        }
      ]
    },
    {
      "mode": "managed",
      "type": "aws_key_pair",
      "name": "web",
      "provider": "provider.aws",
      "instances": [
        {
          "schema_version": 1,
          "attributes": {
            "fingerprint": "c4:5f:12:f5:ed:b0:86:9e:09:4a:cd:ff:9f:64:f6:f1",
            "id": "web",
            "key_name": "web",
            "key_name_prefix": null,
            "public_key": "ssh-rsa AAAAB3NzaC1yc2EAAAADAQABAAABgQCqUUBDi5Ftj1oh9NyG5BEBlfWJZ7hbwlj8lijeraeeTAgDRC5cdg+8eSIO5s+1mQw5yf5CG7QXe99Ly+R4TOpQK3xmrtgiHft6RFoUCYdchDEGpRBDaRX2DtQDBVq9+ZqN29/YQYT4BTjabxpCpho7slf72SJiM5sn74hrCyHahywsvsRbqws159jiBH9xd/zIhbwNifDLnANt3R/5cu5L7fuTpUoGj/tTZMbxKqgm00BD8+v6zNkG2f+jU19qB6EIuBIbshe+wxBeWjK2Enhy6VDzuRn0Ke+XGk4UeAPPtfQlTPvqjcZbmMmnfKBlSiwib7Cr4JgsYhBBf2xXfQeAmTuKj/e01QFUolO3K70qYloeuD/zBtBFf3FwtGHf18Qt5eYi8JTgSQrbRpO2s26qIJpR3SEakscX/nWrbuJcl8WiGp7S/TUxVCW9HtMM7Rw5WkKLesVC37A3895yjee75TOZpce3pffw2q8+wPZe7MyGIvSxZOVv8qmdEVmsGg8= web"
          },
          "private": "eyJzY2hlbWFfdmVyc2lvbiI6IjEifQ=="
        }
      ]
    },
    {
      "mode": "managed",
      "type": "aws_nat_gateway",
      "name": "gw",
      "each": "list",
      "provider": "provider.aws",
      "instances": [
        {
          "index_key": 0,
          "schema_version": 0,
          "attributes": {
            "allocation_id": "eipalloc-06fb9d40fe671d006",
            "id": "nat-009f4acf97f078fdf",
            "network_interface_id": "eni-0793f87e0911fa1a3",
            "private_ip": "172.17.2.217",
            "public_ip": "18.213.19.226",
            "subnet_id": "subnet-015f7e8b94c74e733",
            "tags": {
              "Environment": "webapp"
            }
          },
          "private": "bnVsbA==",
          "dependencies": [
            "aws_eip.gw",
            "aws_subnet.public",
            "aws_vpc.web"
          ]
        },
        {
          "index_key": 1,
          "schema_version": 0,
          "attributes": {
            "allocation_id": "eipalloc-0a0a84cf8acae07e9",
            "id": "nat-0926f228ee6343527",
            "network_interface_id": "eni-0704758d8e54cb813",
            "private_ip": "172.17.3.40",
            "public_ip": "34.199.15.185",
            "subnet_id": "subnet-0653cc35e06152ebe",
            "tags": {
              "Environment": "webapp"
            }
          },
          "private": "bnVsbA==",
          "dependencies": [
            "aws_eip.gw",
            "aws_subnet.public",
            "aws_vpc.web"
          ]
        }
      ]
    },
    {
      "mode": "managed",
      "type": "aws_route",
      "name": "internet_access",
      "provider": "provider.aws",
      "instances": [
        {
          "schema_version": 0,
          "attributes": {
            "destination_cidr_block": "0.0.0.0/0",
            "destination_ipv6_cidr_block": null,
            "destination_prefix_list_id": "",
            "egress_only_gateway_id": "",
            "gateway_id": "igw-03be83db2f5ca3aaf",
            "id": "r-rtb-0a614dd6f69d091841080289494",
            "instance_id": "",
            "instance_owner_id": "",
            "nat_gateway_id": "",
            "network_interface_id": "",
            "origin": "CreateRoute",
            "route_table_id": "rtb-0a614dd6f69d09184",
            "state": "active",
            "timeouts": null,
            "transit_gateway_id": "",
            "vpc_peering_connection_id": ""
          },
          "private": "eyJlMmJmYjczMC1lY2FhLTExZTYtOGY4OC0zNDM2M2JjN2M0YzAiOnsiY3JlYXRlIjoxMjAwMDAwMDAwMDAsImRlbGV0ZSI6MzAwMDAwMDAwMDAwfX0=",
          "dependencies": [
            "aws_internet_gateway.gw",
            "aws_vpc.web"
          ]
        }
      ]
    },
    {
      "mode": "managed",
      "type": "aws_route_table",
      "name": "private",
      "each": "list",
      "provider": "provider.aws",
      "instances": [
        {
          "index_key": 0,
          "schema_version": 0,
          "attributes": {
            "id": "rtb-0d7cc19f8bd9650ee",
            "owner_id": "252948918456",
            "propagating_vgws": [],
            "route": [
              {
                "cidr_block": "0.0.0.0/0",
                "egress_only_gateway_id": "",
                "gateway_id": "",
                "instance_id": "",
                "ipv6_cidr_block": "",
                "nat_gateway_id": "nat-009f4acf97f078fdf",
                "network_interface_id": "",
                "transit_gateway_id": "",
                "vpc_peering_connection_id": ""
              }
            ],
            "tags": {
              "Environment": "webapp"
            },
            "vpc_id": "vpc-0b719172d6e59232d"
          },
          "private": "bnVsbA==",
          "dependencies": [
            "aws_eip.gw",
            "aws_nat_gateway.gw",
            "aws_subnet.public",
            "aws_vpc.web"
          ]
        },
        {
          "index_key": 1,
          "schema_version": 0,
          "attributes": {
            "id": "rtb-0fee5bcaf97366179",
            "owner_id": "252948918456",
            "propagating_vgws": [],
            "route": [
              {
                "cidr_block": "0.0.0.0/0",
                "egress_only_gateway_id": "",
                "gateway_id": "",
                "instance_id": "",
                "ipv6_cidr_block": "",
                "nat_gateway_id": "nat-0926f228ee6343527",
                "network_interface_id": "",
                "transit_gateway_id": "",
                "vpc_peering_connection_id": ""
              }
            ],
            "tags": {
              "Environment": "webapp"
            },
            "vpc_id": "vpc-0b719172d6e59232d"
          },
          "private": "bnVsbA==",
          "dependencies": [
            "aws_eip.gw",
            "aws_nat_gateway.gw",
            "aws_subnet.public",
            "aws_vpc.web"
          ]
        }
      ]
    },
    {
      "mode": "managed",
      "type": "aws_route_table_association",
      "name": "private",
      "each": "list",
      "provider": "provider.aws",
      "instances": [
        {
          "index_key": 0,
          "schema_version": 0,
          "attributes": {
            "gateway_id": null,
            "id": "rtbassoc-0998b1a03878a6d0f",
            "route_table_id": "rtb-0d7cc19f8bd9650ee",
            "subnet_id": "subnet-0e366d4d358e2d3d6"
          },
          "private": "bnVsbA==",
          "dependencies": [
            "aws_eip.gw",
            "aws_nat_gateway.gw",
            "aws_route_table.private",
            "aws_subnet.private",
            "aws_subnet.public",
            "aws_vpc.web"
          ]
        },
        {
          "index_key": 1,
          "schema_version": 0,
          "attributes": {
            "gateway_id": null,
            "id": "rtbassoc-09439e87bf9aa1084",
            "route_table_id": "rtb-0fee5bcaf97366179",
            "subnet_id": "subnet-0180926b94d33f5f0"
          },
          "private": "bnVsbA==",
          "dependencies": [
            "aws_eip.gw",
            "aws_nat_gateway.gw",
            "aws_route_table.private",
            "aws_subnet.private",
            "aws_subnet.public",
            "aws_vpc.web"
          ]
        }
      ]
    },
    {
      "mode": "managed",
      "type": "aws_security_group",
      "name": "allow_ssh",
      "provider": "provider.aws",
      "instances": [
        {
          "schema_version": 1,
          "attributes": {
            "arn": "arn:aws:ec2:us-east-1:252948918456:security-group/sg-07ed52138ef90532d",
            "description": "Permite acesso ssh",
            "egress": [
              {
                "cidr_blocks": [
                  "0.0.0.0/0"
                ],
                "description": "",
                "from_port": 0,
                "ipv6_cidr_blocks": [],
                "prefix_list_ids": [],
                "protocol": "-1",
                "security_groups": [],
                "self": false,
                "to_port": 0
              }
            ],
            "id": "sg-07ed52138ef90532d",
            "ingress": [
              {
                "cidr_blocks": [
                  "0.0.0.0/0"
                ],
                "description": "",
                "from_port": 22,
                "ipv6_cidr_blocks": [],
                "prefix_list_ids": [],
                "protocol": "tcp",
                "security_groups": [],
                "self": false,
                "to_port": 22
              }
            ],
            "name": "sgwebapp",
            "name_prefix": null,
            "owner_id": "252948918456",
            "revoke_rules_on_delete": false,
            "tags": {
              "Name": "allow_ssh"
            },
            "timeouts": null,
            "vpc_id": "vpc-0b719172d6e59232d"
          },
          "private": "eyJlMmJmYjczMC1lY2FhLTExZTYtOGY4OC0zNDM2M2JjN2M0YzAiOnsiY3JlYXRlIjo2MDAwMDAwMDAwMDAsImRlbGV0ZSI6NjAwMDAwMDAwMDAwfSwic2NoZW1hX3ZlcnNpb24iOiIxIn0=",
          "dependencies": [
            "aws_vpc.web"
          ]
        }
      ]
    },
    {
      "mode": "managed",
      "type": "aws_subnet",
      "name": "private",
      "each": "list",
      "provider": "provider.aws",
      "instances": [
        {
          "index_key": 0,
          "schema_version": 1,
          "attributes": {
            "arn": "arn:aws:ec2:us-east-1:252948918456:subnet/subnet-0e366d4d358e2d3d6",
            "assign_ipv6_address_on_creation": false,
            "availability_zone": "us-east-1a",
            "availability_zone_id": "use1-az1",
            "cidr_block": "172.17.0.0/24",
            "id": "subnet-0e366d4d358e2d3d6",
            "ipv6_cidr_block": "",
            "ipv6_cidr_block_association_id": "",
            "map_public_ip_on_launch": false,
            "owner_id": "252948918456",
            "tags": {
              "Name": "Private"
            },
            "timeouts": null,
            "vpc_id": "vpc-0b719172d6e59232d"
          },
          "private": "eyJlMmJmYjczMC1lY2FhLTExZTYtOGY4OC0zNDM2M2JjN2M0YzAiOnsiY3JlYXRlIjo2MDAwMDAwMDAwMDAsImRlbGV0ZSI6MTIwMDAwMDAwMDAwMH0sInNjaGVtYV92ZXJzaW9uIjoiMSJ9",
          "dependencies": [
            "aws_vpc.web"
          ]
        },
        {
          "index_key": 1,
          "schema_version": 1,
          "attributes": {
            "arn": "arn:aws:ec2:us-east-1:252948918456:subnet/subnet-0180926b94d33f5f0",
            "assign_ipv6_address_on_creation": false,
            "availability_zone": "us-east-1b",
            "availability_zone_id": "use1-az2",
            "cidr_block": "172.17.1.0/24",
            "id": "subnet-0180926b94d33f5f0",
            "ipv6_cidr_block": "",
            "ipv6_cidr_block_association_id": "",
            "map_public_ip_on_launch": false,
            "owner_id": "252948918456",
            "tags": {
              "Name": "Private"
            },
            "timeouts": null,
            "vpc_id": "vpc-0b719172d6e59232d"
          },
          "private": "eyJlMmJmYjczMC1lY2FhLTExZTYtOGY4OC0zNDM2M2JjN2M0YzAiOnsiY3JlYXRlIjo2MDAwMDAwMDAwMDAsImRlbGV0ZSI6MTIwMDAwMDAwMDAwMH0sInNjaGVtYV92ZXJzaW9uIjoiMSJ9",
          "dependencies": [
            "aws_vpc.web"
          ]
        }
      ]
    },
    {
      "mode": "managed",
      "type": "aws_subnet",
      "name": "public",
      "each": "list",
      "provider": "provider.aws",
      "instances": [
        {
          "index_key": 0,
          "schema_version": 1,
          "attributes": {
            "arn": "arn:aws:ec2:us-east-1:252948918456:subnet/subnet-015f7e8b94c74e733",
            "assign_ipv6_address_on_creation": false,
            "availability_zone": "us-east-1a",
            "availability_zone_id": "use1-az1",
            "cidr_block": "172.17.2.0/24",
            "id": "subnet-015f7e8b94c74e733",
            "ipv6_cidr_block": "",
            "ipv6_cidr_block_association_id": "",
            "map_public_ip_on_launch": true,
            "owner_id": "252948918456",
            "tags": {
              "Name": "Public"
            },
            "timeouts": null,
            "vpc_id": "vpc-0b719172d6e59232d"
          },
          "private": "eyJlMmJmYjczMC1lY2FhLTExZTYtOGY4OC0zNDM2M2JjN2M0YzAiOnsiY3JlYXRlIjo2MDAwMDAwMDAwMDAsImRlbGV0ZSI6MTIwMDAwMDAwMDAwMH0sInNjaGVtYV92ZXJzaW9uIjoiMSJ9",
          "dependencies": [
            "aws_vpc.web"
          ]
        },
        {
          "index_key": 1,
          "schema_version": 1,
          "attributes": {
            "arn": "arn:aws:ec2:us-east-1:252948918456:subnet/subnet-0653cc35e06152ebe",
            "assign_ipv6_address_on_creation": false,
            "availability_zone": "us-east-1b",
            "availability_zone_id": "use1-az2",
            "cidr_block": "172.17.3.0/24",
            "id": "subnet-0653cc35e06152ebe",
            "ipv6_cidr_block": "",
            "ipv6_cidr_block_association_id": "",
            "map_public_ip_on_launch": true,
            "owner_id": "252948918456",
            "tags": {
              "Name": "Public"
            },
            "timeouts": null,
            "vpc_id": "vpc-0b719172d6e59232d"
          },
          "private": "eyJlMmJmYjczMC1lY2FhLTExZTYtOGY4OC0zNDM2M2JjN2M0YzAiOnsiY3JlYXRlIjo2MDAwMDAwMDAwMDAsImRlbGV0ZSI6MTIwMDAwMDAwMDAwMH0sInNjaGVtYV92ZXJzaW9uIjoiMSJ9",
          "dependencies": [
            "aws_vpc.web"
          ]
        }
      ]
    },
    {
      "mode": "managed",
      "type": "aws_vpc",
      "name": "web",
      "provider": "provider.aws",
      "instances": [
        {
          "schema_version": 1,
          "attributes": {
            "arn": "arn:aws:ec2:us-east-1:252948918456:vpc/vpc-0b719172d6e59232d",
            "assign_generated_ipv6_cidr_block": false,
            "cidr_block": "172.17.0.0/16",
            "default_network_acl_id": "acl-059b1033304e612df",
            "default_route_table_id": "rtb-0a614dd6f69d09184",
            "default_security_group_id": "sg-0dc627887c4d31d9f",
            "dhcp_options_id": "dopt-d6d1c6ad",
            "enable_classiclink": false,
            "enable_classiclink_dns_support": false,
            "enable_dns_hostnames": true,
            "enable_dns_support": true,
            "id": "vpc-0b719172d6e59232d",
            "instance_tenancy": "default",
            "ipv6_association_id": "",
            "ipv6_cidr_block": "",
            "main_route_table_id": "rtb-0a614dd6f69d09184",
            "owner_id": "252948918456",
            "tags": {
              "Name": "webapp"
            }
          },
          "private": "eyJzY2hlbWFfdmVyc2lvbiI6IjEifQ=="
        }
      ]
    }
  ]
}
